interactions:
- request:
    body: null
    headers:
      Accept:
      - '*/*'
      Accept-Encoding:
      - gzip, deflate
      Connection:
      - keep-alive
      User-Agent:
      - rotki/1.41.2.dev21+gcf9e950180.d20251127
    method: GET
    uri: https://api.etherscan.io/v2/api?action=getblocknobytime&chainid=1&closest=before&module=block&timestamp=1451606400
  response:
    body:
      string: '{"status":"1","message":"OK","result":"778482"}'
    headers:
      Access-Control-Allow-Headers:
      - Content-Type
      Access-Control-Allow-Methods:
      - GET, POST, OPTIONS
      Access-Control-Allow-Origin:
      - '*'
      Cache-Control:
      - private
      Connection:
      - keep-alive
      Content-Type:
      - application/json; charset=utf-8
      Date:
      - Mon, 01 Dec 2025 15:01:40 GMT
      Server:
      - nginx
      Vary:
      - Accept-Encoding
      X-Frame-Options:
      - SAMEORIGIN
      X-Nginx-Id:
      - '2'
      content-length:
      - '47'
      svid:
      - '9'
    status:
      code: 200
      message: OK
- request:
    body: null
    headers:
      Accept:
      - '*/*'
      Accept-Encoding:
      - gzip, deflate
      Connection:
      - keep-alive
      User-Agent:
      - rotki/1.41.2.dev21+gcf9e950180.d20251127
    method: GET
    uri: https://api.etherscan.io/v2/api?action=txlist&address=0xC951900c341aBbb3BAfbf7ee2029377071Dbc36A&chainid=1&endblock=778482&module=account&sort=asc&startblock=0
  response:
    body:
      string: '{"status":"1","message":"OK","result":[{"blockNumber":"0","blockHash":"","timeStamp":"1438269973","hash":"GENESIS_c951900c341abbb3bafbf7ee2029377071dbc36a","nonce":"","transactionIndex":"0","from":"GENESIS","to":"0xc951900c341abbb3bafbf7ee2029377071dbc36a","value":"327600000000000000000","gas":"0","gasPrice":"0","input":"","methodId":"","functionName":"","contractAddress":"","cumulativeGasUsed":"0","txreceipt_status":"","gasUsed":"0","confirmations":"23919391","isError":"0"},{"blockNumber":"307793","blockHash":"0x00fc5372a1ab31e4b7fc65a14fc285a50c3cd50dabe79a299651e268dd0b5841","timeStamp":"1443534531","hash":"0x352b93ac19dfbfd65d4d8385cded959d7a156c3f352a71a5a49560b088e1c8df","nonce":"0","transactionIndex":"0","from":"0xc951900c341abbb3bafbf7ee2029377071dbc36a","to":"0x2910543af39aba0cd09dbb2d50200b3e800a63d2","value":"327400000000000000000","gas":"50000","gasPrice":"1171602790622","input":"0x454e3036454e445747","methodId":"0x454e3036","functionName":"","contractAddress":"","cumulativeGasUsed":"21612","txreceipt_status":"","gasUsed":"21612","confirmations":"23611598","isError":"0"}]}'
    headers:
      Access-Control-Allow-Headers:
      - Content-Type
      Access-Control-Allow-Methods:
      - GET, POST, OPTIONS
      Access-Control-Allow-Origin:
      - '*'
      Cache-Control:
      - private
      Connection:
      - keep-alive
      Content-Type:
      - application/json; charset=utf-8
      Date:
      - Mon, 01 Dec 2025 15:01:41 GMT
      Server:
      - nginx
      Vary:
      - Accept-Encoding
      X-Frame-Options:
      - SAMEORIGIN
      X-Nginx-Id:
      - '2'
      content-length:
      - '1101'
      svid:
      - '9'
    status:
      code: 200
      message: OK
- request:
    body: null
    headers:
      Accept:
      - '*/*'
      Accept-Encoding:
      - gzip, deflate
      Connection:
      - keep-alive
      User-Agent:
      - rotki/1.41.2.dev21+gcf9e950180.d20251127
    method: GET
    uri: https://api.etherscan.io/v2/api?action=txlistinternal&address=0xC951900c341aBbb3BAfbf7ee2029377071Dbc36A&chainid=1&endblock=778482&module=account&sort=asc&startblock=0
  response:
    body:
      string: '{"status":"0","message":"No transactions found","result":[]}'
    headers:
      Access-Control-Allow-Headers:
      - Content-Type
      Access-Control-Allow-Methods:
      - GET, POST, OPTIONS
      Access-Control-Allow-Origin:
      - '*'
      Cache-Control:
      - private
      Connection:
      - keep-alive
      Content-Type:
      - application/json; charset=utf-8
      Date:
      - Mon, 01 Dec 2025 15:01:42 GMT
      Server:
      - nginx
      Vary:
      - Accept-Encoding
      X-Frame-Options:
      - SAMEORIGIN
      X-Nginx-Id:
      - '5'
      content-length:
      - '60'
      svid:
      - '9'
    status:
      code: 200
      message: OK
- request:
    body: null
    headers:
      Accept:
      - '*/*'
      Accept-Encoding:
      - gzip, deflate
      Connection:
      - keep-alive
      User-Agent:
      - rotki/1.41.2.dev21+gcf9e950180.d20251127
    method: GET
    uri: https://api.etherscan.io/v2/api?action=tokentx&address=0xC951900c341aBbb3BAfbf7ee2029377071Dbc36A&chainid=1&endblock=778482&module=account&sort=asc&startblock=0
  response:
    body:
      string: '{"status":"0","message":"No transactions found","result":[]}'
    headers:
      Access-Control-Allow-Headers:
      - Content-Type
      Access-Control-Allow-Methods:
      - GET, POST, OPTIONS
      Access-Control-Allow-Origin:
      - '*'
      Cache-Control:
      - private
      Connection:
      - keep-alive
      Content-Type:
      - application/json; charset=utf-8
      Date:
      - Mon, 01 Dec 2025 15:01:42 GMT
      Server:
      - nginx
      Vary:
      - Accept-Encoding
      X-Frame-Options:
      - SAMEORIGIN
      X-Nginx-Id:
      - '5'
      content-length:
      - '60'
      svid:
      - '9'
    status:
      code: 200
      message: OK
version: 1
