interactions:
- request:
    body: null
    headers:
      Accept:
      - '*/*'
      Accept-Encoding:
      - gzip, deflate
      Connection:
      - keep-alive
      User-Agent:
      - rotki/1.30.2.dev41+gc4bb6769b.d20230906
    method: GET
    uri: https://api.etherscan.io/api?action=getblocknobytime&closest=before&module=block&timestamp=1451606400
  response:
    body:
      string: '{"status":"1","message":"OK","result":"778482"}'
    headers:
      Access-Control-Allow-Headers:
      - Content-Type
      Access-Control-Allow-Methods:
      - GET, POST, OPTIONS
      Access-Control-Allow-Origin:
      - '*'
      Cache-Control:
      - private
      Connection:
      - keep-alive
      Content-Type:
      - application/json; charset=utf-8
      Date:
      - Wed, 06 Sep 2023 20:47:03 GMT
      Server:
      - nginx
      Vary:
      - Accept-Encoding
      X-Frame-Options:
      - SAMEORIGIN
      content-length:
      - '47'
    status:
      code: 200
      message: OK
- request:
    body: null
    headers:
      Accept:
      - '*/*'
      Accept-Encoding:
      - gzip, deflate
      Connection:
      - keep-alive
      User-Agent:
      - rotki/1.30.2.dev41+gc4bb6769b.d20230906
    method: GET
    uri: https://api.etherscan.io/api?action=txlist&address=0xC951900c341aBbb3BAfbf7ee2029377071Dbc36A&endBlock=778482&module=account&sort=asc&startBlock=0
  response:
    body:
      string: '{"status":"1","message":"OK","result":[{"blockNumber":"0","timeStamp":"1438269973","hash":"GENESIS_c951900c341abbb3bafbf7ee2029377071dbc36a","nonce":"","blockHash":"","transactionIndex":"0","from":"GENESIS","to":"0xc951900c341abbb3bafbf7ee2029377071dbc36a","value":"327600000000000000000","gas":"0","gasPrice":"0","isError":"0","txreceipt_status":"","input":"","contractAddress":"","cumulativeGasUsed":"0","gasUsed":"0","confirmations":"18079873","methodId":"","functionName":""},{"blockNumber":"307793","timeStamp":"1443534531","hash":"0x352b93ac19dfbfd65d4d8385cded959d7a156c3f352a71a5a49560b088e1c8df","nonce":"0","blockHash":"0x00fc5372a1ab31e4b7fc65a14fc285a50c3cd50dabe79a299651e268dd0b5841","transactionIndex":"0","from":"0xc951900c341abbb3bafbf7ee2029377071dbc36a","to":"0x2910543af39aba0cd09dbb2d50200b3e800a63d2","value":"327400000000000000000","gas":"50000","gasPrice":"1171602790622","isError":"0","txreceipt_status":"","input":"0x454e3036454e445747","contractAddress":"","cumulativeGasUsed":"21612","gasUsed":"21612","confirmations":"17772080","methodId":"0x454e3036","functionName":""}]}'
    headers:
      Access-Control-Allow-Headers:
      - Content-Type
      Access-Control-Allow-Methods:
      - GET, POST, OPTIONS
      Access-Control-Allow-Origin:
      - '*'
      Cache-Control:
      - private
      Connection:
      - keep-alive
      Content-Type:
      - application/json; charset=utf-8
      Date:
      - Wed, 06 Sep 2023 20:47:03 GMT
      Server:
      - nginx
      Vary:
      - Accept-Encoding
      X-Frame-Options:
      - SAMEORIGIN
      content-length:
      - '1101'
    status:
      code: 200
      message: OK
- request:
    body: null
    headers:
      Accept:
      - '*/*'
      Accept-Encoding:
      - gzip, deflate
      Connection:
      - keep-alive
      User-Agent:
      - rotki/1.30.2.dev41+gc4bb6769b.d20230906
    method: GET
    uri: https://api.etherscan.io/api?action=getblocknobytime&closest=before&module=block&timestamp=1451606400
  response:
    body:
      string: '{"status":"1","message":"OK","result":"778482"}'
    headers:
      Access-Control-Allow-Headers:
      - Content-Type
      Access-Control-Allow-Methods:
      - GET, POST, OPTIONS
      Access-Control-Allow-Origin:
      - '*'
      Cache-Control:
      - private
      Connection:
      - keep-alive
      Content-Type:
      - application/json; charset=utf-8
      Date:
      - Wed, 06 Sep 2023 20:47:04 GMT
      Server:
      - nginx
      Vary:
      - Accept-Encoding
      X-Frame-Options:
      - SAMEORIGIN
      content-length:
      - '47'
    status:
      code: 200
      message: OK
- request:
    body: null
    headers:
      Accept:
      - '*/*'
      Accept-Encoding:
      - gzip, deflate
      Connection:
      - keep-alive
      User-Agent:
      - rotki/1.30.2.dev41+gc4bb6769b.d20230906
    method: GET
    uri: https://api.etherscan.io/api?action=txlistinternal&address=0xC951900c341aBbb3BAfbf7ee2029377071Dbc36A&endBlock=778482&module=account&sort=asc&startBlock=0
  response:
    body:
      string: '{"status":"0","message":"No transactions found","result":[]}'
    headers:
      Access-Control-Allow-Headers:
      - Content-Type
      Access-Control-Allow-Methods:
      - GET, POST, OPTIONS
      Access-Control-Allow-Origin:
      - '*'
      Cache-Control:
      - private
      Connection:
      - keep-alive
      Content-Type:
      - application/json; charset=utf-8
      Date:
      - Wed, 06 Sep 2023 20:47:04 GMT
      Server:
      - nginx
      Vary:
      - Accept-Encoding
      X-Frame-Options:
      - SAMEORIGIN
      content-length:
      - '60'
    status:
      code: 200
      message: OK
- request:
    body: null
    headers:
      Accept:
      - '*/*'
      Accept-Encoding:
      - gzip, deflate
      Connection:
      - keep-alive
      User-Agent:
      - rotki/1.30.2.dev41+gc4bb6769b.d20230906
    method: GET
    uri: https://api.etherscan.io/api?action=getblocknobytime&closest=before&module=block&timestamp=1451606400
  response:
    body:
      string: '{"status":"1","message":"OK","result":"778482"}'
    headers:
      Access-Control-Allow-Headers:
      - Content-Type
      Access-Control-Allow-Methods:
      - GET, POST, OPTIONS
      Access-Control-Allow-Origin:
      - '*'
      Cache-Control:
      - private
      Connection:
      - keep-alive
      Content-Type:
      - application/json; charset=utf-8
      Date:
      - Wed, 06 Sep 2023 20:47:04 GMT
      Server:
      - nginx
      Vary:
      - Accept-Encoding
      X-Frame-Options:
      - SAMEORIGIN
      content-length:
      - '47'
    status:
      code: 200
      message: OK
- request:
    body: null
    headers:
      Accept:
      - '*/*'
      Accept-Encoding:
      - gzip, deflate
      Connection:
      - keep-alive
      User-Agent:
      - rotki/1.30.2.dev41+gc4bb6769b.d20230906
    method: GET
    uri: https://api.etherscan.io/api?action=tokentx&address=0xC951900c341aBbb3BAfbf7ee2029377071Dbc36A&endBlock=778482&module=account&sort=asc&startBlock=0
  response:
    body:
      string: '{"status":"0","message":"No transactions found","result":[]}'
    headers:
      Access-Control-Allow-Headers:
      - Content-Type
      Access-Control-Allow-Methods:
      - GET, POST, OPTIONS
      Access-Control-Allow-Origin:
      - '*'
      Cache-Control:
      - private
      Connection:
      - keep-alive
      Content-Type:
      - application/json; charset=utf-8
      Date:
      - Wed, 06 Sep 2023 20:47:05 GMT
      Server:
      - nginx
      Vary:
      - Accept-Encoding
      X-Frame-Options:
      - SAMEORIGIN
      content-length:
      - '60'
    status:
      code: 200
      message: OK
version: 1
